
Microsoft Visual Studio Solution File, Format Version 12.00
# Visual Studio Version 16
VisualStudioVersion = 16.0.32106.194
MinimumVisualStudioVersion = 10.0.40219.1
Project("{FAE04EC0-301F-11D3-BF4B-00C04F79EFBC}") = "BlogApp.Shared", "BlogApp.Shared\BlogApp.Shared.csproj", "{8DE32D81-CA0D-46A5-A95D-77ECA929078F}"
EndProject
Project("{FAE04EC0-301F-11D3-BF4B-00C04F79EFBC}") = "BlogApp.Entities", "BlogApp.Entities\BlogApp.Entities.csproj", "{8BB67C7D-99D7-4373-BA8F-BE044FBABBF5}"
EndProject
Project("{FAE04EC0-301F-11D3-BF4B-00C04F79EFBC}") = "BlogApp.Data", "BlogApp.Data\BlogApp.Data.csproj", "{34F8AB10-5307-40CA-9D79-3F594A4C6015}"
EndProject
Project("{FAE04EC0-301F-11D3-BF4B-00C04F79EFBC}") = "BlogApp.Services", "BlogApp.Services\BlogApp.Services.csproj", "{9AEB88E1-0BD9-4D13-BAC8-2972D397B665}"
EndProject
Project("{FAE04EC0-301F-11D3-BF4B-00C04F79EFBC}") = "BlogApp.Mvc", "BlogApp.Mvc\BlogApp.Mvc.csproj", "{6A78E72A-99F3-4CC0-8619-19DE97F8A029}"
EndProject
Global
	GlobalSection(SolutionConfigurationPlatforms) = preSolution
		Debug|Any CPU = Debug|Any CPU
		Release|Any CPU = Release|Any CPU
	EndGlobalSection
	GlobalSection(ProjectConfigurationPlatforms) = postSolution
		{8DE32D81-CA0D-46A5-A95D-77ECA929078F}.Debug|Any CPU.ActiveCfg = Debug|Any CPU
		{8DE32D81-CA0D-46A5-A95D-77ECA929078F}.Debug|Any CPU.Build.0 = Debug|Any CPU
		{8DE32D81-CA0D-46A5-A95D-77ECA929078F}.Release|Any CPU.ActiveCfg = Release|Any CPU
		{8DE32D81-CA0D-46A5-A95D-77ECA929078F}.Release|Any CPU.Build.0 = Release|Any CPU
		{8BB67C7D-99D7-4373-BA8F-BE044FBABBF5}.Debug|Any CPU.ActiveCfg = Debug|Any CPU
		{8BB67C7D-99D7-4373-BA8F-BE044FBABBF5}.Debug|Any CPU.Build.0 = Debug|Any CPU
		{8BB67C7D-99D7-4373-BA8F-BE044FBABBF5}.Release|Any CPU.ActiveCfg = Release|Any CPU
		{8BB67C7D-99D7-4373-BA8F-BE044FBABBF5}.Release|Any CPU.Build.0 = Release|Any CPU
		{34F8AB10-5307-40CA-9D79-3F594A4C6015}.Debug|Any CPU.ActiveCfg = Debug|Any CPU
		{34F8AB10-5307-40CA-9D79-3F594A4C6015}.Debug|Any CPU.Build.0 = Debug|Any CPU
		{34F8AB10-5307-40CA-9D79-3F594A4C6015}.Release|Any CPU.ActiveCfg = Release|Any CPU
		{34F8AB10-5307-40CA-9D79-3F594A4C6015}.Release|Any CPU.Build.0 = Release|Any CPU
		{9AEB88E1-0BD9-4D13-BAC8-2972D397B665}.Debug|Any CPU.ActiveCfg = Debug|Any CPU
		{9AEB88E1-0BD9-4D13-BAC8-2972D397B665}.Debug|Any CPU.Build.0 = Debug|Any CPU
		{9AEB88E1-0BD9-4D13-BAC8-2972D397B665}.Release|Any CPU.ActiveCfg = Release|Any CPU
		{9AEB88E1-0BD9-4D13-BAC8-2972D397B665}.Release|Any CPU.Build.0 = Release|Any CPU
		{6A78E72A-99F3-4CC0-8619-19DE97F8A029}.Debug|Any CPU.ActiveCfg = Debug|Any CPU
		{6A78E72A-99F3-4CC0-8619-19DE97F8A029}.Debug|Any CPU.Build.0 = Debug|Any CPU
		{6A78E72A-99F3-4CC0-8619-19DE97F8A029}.Release|Any CPU.ActiveCfg = Release|Any CPU
		{6A78E72A-99F3-4CC0-8619-19DE97F8A029}.Release|Any CPU.Build.0 = Release|Any CPU
	EndGlobalSection
	GlobalSection(SolutionProperties) = preSolution
		HideSolutionNode = FALSE
	EndGlobalSection
	GlobalSection(ExtensibilityGlobals) = postSolution
		SolutionGuid = {CEC788A9-C1E2-4563-891B-D03EB6C548CE}
	EndGlobalSection
EndGlobal
